// !$*UTF8*$!
{
	archiveVersion = 1;
	classes = {
	};
	objectVersion = 56;
	objects = {

/* Begin PBXBuildFile section */
		351BDFBC290144B0007EB36F /* AppDelegate.swift in Sources */ = {isa = PBXBuildFile; fileRef = 351BDFBB290144B0007EB36F /* AppDelegate.swift */; };
		351BDFBE290144B0007EB36F /* SceneDelegate.swift in Sources */ = {isa = PBXBuildFile; fileRef = 351BDFBD290144B0007EB36F /* SceneDelegate.swift */; };
		351BDFC0290144B0007EB36F /* ViewController.swift in Sources */ = {isa = PBXBuildFile; fileRef = 351BDFBF290144B0007EB36F /* ViewController.swift */; };
		351BDFC3290144B0007EB36F /* Main.storyboard in Resources */ = {isa = PBXBuildFile; fileRef = 351BDFC1290144B0007EB36F /* Main.storyboard */; };
		351BDFC5290144B3007EB36F /* Assets.xcassets in Resources */ = {isa = PBXBuildFile; fileRef = 351BDFC4290144B3007EB36F /* Assets.xcassets */; };
		351BDFC8290144B3007EB36F /* LaunchScreen.storyboard in Resources */ = {isa = PBXBuildFile; fileRef = 351BDFC6290144B3007EB36F /* LaunchScreen.storyboard */; };
		351BDFD3290144B3007EB36F /* SearchWithKakaoApiTests.swift in Sources */ = {isa = PBXBuildFile; fileRef = 351BDFD2290144B3007EB36F /* SearchWithKakaoApiTests.swift */; };
		351BDFDD290144B3007EB36F /* SearchWithKakaoApiUITests.swift in Sources */ = {isa = PBXBuildFile; fileRef = 351BDFDC290144B3007EB36F /* SearchWithKakaoApiUITests.swift */; };
		351BDFDF290144B3007EB36F /* SearchWithKakaoApiUITestsLaunchTests.swift in Sources */ = {isa = PBXBuildFile; fileRef = 351BDFDE290144B3007EB36F /* SearchWithKakaoApiUITestsLaunchTests.swift */; };
/* End PBXBuildFile section */

/* Begin PBXContainerItemProxy section */
		351BDFCF290144B3007EB36F /* PBXContainerItemProxy */ = {
			isa = PBXContainerItemProxy;
			containerPortal = 351BDFB0290144B0007EB36F /* Project object */;
			proxyType = 1;
			remoteGlobalIDString = 351BDFB7290144B0007EB36F;
			remoteInfo = SearchWithKakaoApi;
		};
		351BDFD9290144B3007EB36F /* PBXContainerItemProxy */ = {
			isa = PBXContainerItemProxy;
			containerPortal = 351BDFB0290144B0007EB36F /* Project object */;
			proxyType = 1;
			remoteGlobalIDString = 351BDFB7290144B0007EB36F;
			remoteInfo = SearchWithKakaoApi;
		};
/* End PBXContainerItemProxy section */

/* Begin PBXFileReference section */
		351BDFB8290144B0007EB36F /* SearchWithKakaoApi.app */ = {isa = PBXFileReference; explicitFileType = wrapper.application; includeInIndex = 0; path = SearchWithKakaoApi.app; sourceTree = BUILT_PRODUCTS_DIR; };
		351BDFBB290144B0007EB36F /* AppDelegate.swift */ = {isa = PBXFileReference; lastKnownFileType = sourcecode.swift; path = AppDelegate.swift; sourceTree = "<group>"; };
		351BDFBD290144B0007EB36F /* SceneDelegate.swift */ = {isa = PBXFileReference; lastKnownFileType = sourcecode.swift; path = SceneDelegate.swift; sourceTree = "<group>"; };
		351BDFBF290144B0007EB36F /* ViewController.swift */ = {isa = PBXFileReference; lastKnownFileType = sourcecode.swift; path = ViewController.swift; sourceTree = "<group>"; };
		351BDFC2290144B0007EB36F /* Base */ = {isa = PBXFileReference; lastKnownFileType = file.storyboard; name = Base; path = Base.lproj/Main.storyboard; sourceTree = "<group>"; };
		351BDFC4290144B3007EB36F /* Assets.xcassets */ = {isa = PBXFileReference; lastKnownFileType = folder.assetcatalog; path = Assets.xcassets; sourceTree = "<group>"; };
		351BDFC7290144B3007EB36F /* Base */ = {isa = PBXFileReference; lastKnownFileType = file.storyboard; name = Base; path = Base.lproj/LaunchScreen.storyboard; sourceTree = "<group>"; };
		351BDFC9290144B3007EB36F /* Info.plist */ = {isa = PBXFileReference; lastKnownFileType = text.plist.xml; path = Info.plist; sourceTree = "<group>"; };
		351BDFCE290144B3007EB36F /* SearchWithKakaoApiTests.xctest */ = {isa = PBXFileReference; explicitFileType = wrapper.cfbundle; includeInIndex = 0; path = SearchWithKakaoApiTests.xctest; sourceTree = BUILT_PRODUCTS_DIR; };
		351BDFD2290144B3007EB36F /* SearchWithKakaoApiTests.swift */ = {isa = PBXFileReference; lastKnownFileType = sourcecode.swift; path = SearchWithKakaoApiTests.swift; sourceTree = "<group>"; };
		351BDFD8290144B3007EB36F /* SearchWithKakaoApiUITests.xctest */ = {isa = PBXFileReference; explicitFileType = wrapper.cfbundle; includeInIndex = 0; path = SearchWithKakaoApiUITests.xctest; sourceTree = BUILT_PRODUCTS_DIR; };
		351BDFDC290144B3007EB36F /* SearchWithKakaoApiUITests.swift */ = {isa = PBXFileReference; lastKnownFileType = sourcecode.swift; path = SearchWithKakaoApiUITests.swift; sourceTree = "<group>"; };
		351BDFDE290144B3007EB36F /* SearchWithKakaoApiUITestsLaunchTests.swift */ = {isa = PBXFileReference; lastKnownFileType = sourcecode.swift; path = SearchWithKakaoApiUITestsLaunchTests.swift; sourceTree = "<group>"; };
/* End PBXFileReference section */

/* Begin PBXFrameworksBuildPhase section */
		351BDFB5290144B0007EB36F /* Frameworks */ = {
			isa = PBXFrameworksBuildPhase;
			buildActionMask = 2147483647;
			files = (
			);
			runOnlyForDeploymentPostprocessing = 0;
		};
		351BDFCB290144B3007EB36F /* Frameworks */ = {
			isa = PBXFrameworksBuildPhase;
			buildActionMask = 2147483647;
			files = (
			);
			runOnlyForDeploymentPostprocessing = 0;
		};
		351BDFD5290144B3007EB36F /* Frameworks */ = {
			isa = PBXFrameworksBuildPhase;
			buildActionMask = 2147483647;
			files = (
			);
			runOnlyForDeploymentPostprocessing = 0;
		};
/* End PBXFrameworksBuildPhase section */

/* Begin PBXGroup section */
		351BDFAF290144B0007EB36F = {
			isa = PBXGroup;
			children = (
				351BDFBA290144B0007EB36F /* SearchWithKakaoApi */,
				351BDFD1290144B3007EB36F /* SearchWithKakaoApiTests */,
				351BDFDB290144B3007EB36F /* SearchWithKakaoApiUITests */,
				351BDFB9290144B0007EB36F /* Products */,
			);
			sourceTree = "<group>";
		};
		351BDFB9290144B0007EB36F /* Products */ = {
			isa = PBXGroup;
			children = (
				351BDFB8290144B0007EB36F /* SearchWithKakaoApi.app */,
				351BDFCE290144B3007EB36F /* SearchWithKakaoApiTests.xctest */,
				351BDFD8290144B3007EB36F /* SearchWithKakaoApiUITests.xctest */,
			);
			name = Products;
			sourceTree = "<group>";
		};
		351BDFBA290144B0007EB36F /* SearchWithKakaoApi */ = {
			isa = PBXGroup;
			children = (
				351BDFBB290144B0007EB36F /* AppDelegate.swift */,
				351BDFBD290144B0007EB36F /* SceneDelegate.swift */,
				351BDFBF290144B0007EB36F /* ViewController.swift */,
				351BDFC1290144B0007EB36F /* Main.storyboard */,
				351BDFC4290144B3007EB36F /* Assets.xcassets */,
				351BDFC6290144B3007EB36F /* LaunchScreen.storyboard */,
				351BDFC9290144B3007EB36F /* Info.plist */,
			);
			path = SearchWithKakaoApi;
			sourceTree = "<group>";
		};
		351BDFD1290144B3007EB36F /* SearchWithKakaoApiTests */ = {
			isa = PBXGroup;
			children = (
				351BDFD2290144B3007EB36F /* SearchWithKakaoApiTests.swift */,
			);
			path = SearchWithKakaoApiTests;
			sourceTree = "<group>";
		};
		351BDFDB290144B3007EB36F /* SearchWithKakaoApiUITests */ = {
			isa = PBXGroup;
			children = (
				351BDFDC290144B3007EB36F /* SearchWithKakaoApiUITests.swift */,
				351BDFDE290144B3007EB36F /* SearchWithKakaoApiUITestsLaunchTests.swift */,
			);
			path = SearchWithKakaoApiUITests;
			sourceTree = "<group>";
		};
/* End PBXGroup section */

/* Begin PBXNativeTarget section */
		351BDFB7290144B0007EB36F /* SearchWithKakaoApi */ = {
			isa = PBXNativeTarget;
			buildConfigurationList = 351BDFE2290144B3007EB36F /* Build configuration list for PBXNativeTarget "SearchWithKakaoApi" */;
			buildPhases = (
				351BDFB4290144B0007EB36F /* Sources */,
				351BDFB5290144B0007EB36F /* Frameworks */,
				351BDFB6290144B0007EB36F /* Resources */,
			);
			buildRules = (
			);
			dependencies = (
			);
			name = SearchWithKakaoApi;
			productName = SearchWithKakaoApi;
			productReference = 351BDFB8290144B0007EB36F /* SearchWithKakaoApi.app */;
			productType = "com.apple.product-type.application";
		};
		351BDFCD290144B3007EB36F /* SearchWithKakaoApiTests */ = {
			isa = PBXNativeTarget;
			buildConfigurationList = 351BDFE5290144B3007EB36F /* Build configuration list for PBXNativeTarget "SearchWithKakaoApiTests" */;
			buildPhases = (
				351BDFCA290144B3007EB36F /* Sources */,
				351BDFCB290144B3007EB36F /* Frameworks */,
				351BDFCC290144B3007EB36F /* Resources */,
			);
			buildRules = (
			);
			dependencies = (
				351BDFD0290144B3007EB36F /* PBXTargetDependency */,
			);
			name = SearchWithKakaoApiTests;
			productName = SearchWithKakaoApiTests;
			productReference = 351BDFCE290144B3007EB36F /* SearchWithKakaoApiTests.xctest */;
			productType = "com.apple.product-type.bundle.unit-test";
		};
		351BDFD7290144B3007EB36F /* SearchWithKakaoApiUITests */ = {
			isa = PBXNativeTarget;
			buildConfigurationList = 351BDFE8290144B3007EB36F /* Build configuration list for PBXNativeTarget "SearchWithKakaoApiUITests" */;
			buildPhases = (
				351BDFD4290144B3007EB36F /* Sources */,
				351BDFD5290144B3007EB36F /* Frameworks */,
				351BDFD6290144B3007EB36F /* Resources */,
			);
			buildRules = (
			);
			dependencies = (
				351BDFDA290144B3007EB36F /* PBXTargetDependency */,
			);
			name = SearchWithKakaoApiUITests;
			productName = SearchWithKakaoApiUITests;
			productReference = 351BDFD8290144B3007EB36F /* SearchWithKakaoApiUITests.xctest */;
			productType = "com.apple.product-type.bundle.ui-testing";
		};
/* End PBXNativeTarget section */

/* Begin PBXProject section */
		351BDFB0290144B0007EB36F /* Project object */ = {
			isa = PBXProject;
			attributes = {
				BuildIndependentTargetsInParallel = 1;
				LastSwiftUpdateCheck = 1400;
				LastUpgradeCheck = 1400;
				TargetAttributes = {
					351BDFB7290144B0007EB36F = {
						CreatedOnToolsVersion = 14.0.1;
					};
					351BDFCD290144B3007EB36F = {
						CreatedOnToolsVersion = 14.0.1;
						TestTargetID = 351BDFB7290144B0007EB36F;
					};
					351BDFD7290144B3007EB36F = {
						CreatedOnToolsVersion = 14.0.1;
						TestTargetID = 351BDFB7290144B0007EB36F;
					};
				};
			};
			buildConfigurationList = 351BDFB3290144B0007EB36F /* Build configuration list for PBXProject "SearchWithKakaoApi" */;
			compatibilityVersion = "Xcode 14.0";
			developmentRegion = en;
			hasScannedForEncodings = 0;
			knownRegions = (
				en,
				Base,
			);
			mainGroup = 351BDFAF290144B0007EB36F;
			productRefGroup = 351BDFB9290144B0007EB36F /* Products */;
			projectDirPath = "";
			projectRoot = "";
			targets = (
				351BDFB7290144B0007EB36F /* SearchWithKakaoApi */,
				351BDFCD290144B3007EB36F /* SearchWithKakaoApiTests */,
				351BDFD7290144B3007EB36F /* SearchWithKakaoApiUITests */,
			);
		};
/* End PBXProject section */

/* Begin PBXResourcesBuildPhase section */
		351BDFB6290144B0007EB36F /* Resources */ = {
			isa = PBXResourcesBuildPhase;
			buildActionMask = 2147483647;
			files = (
				351BDFC8290144B3007EB36F /* LaunchScreen.storyboard in Resources */,
				351BDFC5290144B3007EB36F /* Assets.xcassets in Resources */,
				351BDFC3290144B0007EB36F /* Main.storyboard in Resources */,
			);
			runOnlyForDeploymentPostprocessing = 0;
		};
		351BDFCC290144B3007EB36F /* Resources */ = {
			isa = PBXResourcesBuildPhase;
			buildActionMask = 2147483647;
			files = (
			);
			runOnlyForDeploymentPostprocessing = 0;
		};
		351BDFD6290144B3007EB36F /* Resources */ = {
			isa = PBXResourcesBuildPhase;
			buildActionMask = 2147483647;
			files = (
			);
			runOnlyForDeploymentPostprocessing = 0;
		};
/* End PBXResourcesBuildPhase section */

/* Begin PBXSourcesBuildPhase section */
		351BDFB4290144B0007EB36F /* Sources */ = {
			isa = PBXSourcesBuildPhase;
			buildActionMask = 2147483647;
			files = (
				351BDFC0290144B0007EB36F /* ViewController.swift in Sources */,
				351BDFBC290144B0007EB36F /* AppDelegate.swift in Sources */,
				351BDFBE290144B0007EB36F /* SceneDelegate.swift in Sources */,
			);
			runOnlyForDeploymentPostprocessing = 0;
		};
		351BDFCA290144B3007EB36F /* Sources */ = {
			isa = PBXSourcesBuildPhase;
			buildActionMask = 2147483647;
			files = (
				351BDFD3290144B3007EB36F /* SearchWithKakaoApiTests.swift in Sources */,
			);
			runOnlyForDeploymentPostprocessing = 0;
		};
		351BDFD4290144B3007EB36F /* Sources */ = {
			isa = PBXSourcesBuildPhase;
			buildActionMask = 2147483647;
			files = (
				351BDFDD290144B3007EB36F /* SearchWithKakaoApiUITests.swift in Sources */,
				351BDFDF290144B3007EB36F /* SearchWithKakaoApiUITestsLaunchTests.swift in Sources */,
			);
			runOnlyForDeploymentPostprocessing = 0;
		};
/* End PBXSourcesBuildPhase section */

/* Begin PBXTargetDependency section */
		351BDFD0290144B3007EB36F /* PBXTargetDependency */ = {
			isa = PBXTargetDependency;
			target = 351BDFB7290144B0007EB36F /* SearchWithKakaoApi */;
			targetProxy = 351BDFCF290144B3007EB36F /* PBXContainerItemProxy */;
		};
		351BDFDA290144B3007EB36F /* PBXTargetDependency */ = {
			isa = PBXTargetDependency;
			target = 351BDFB7290144B0007EB36F /* SearchWithKakaoApi */;
			targetProxy = 351BDFD9290144B3007EB36F /* PBXContainerItemProxy */;
		};
/* End PBXTargetDependency section */

/* Begin PBXVariantGroup section */
		351BDFC1290144B0007EB36F /* Main.storyboard */ = {
			isa = PBXVariantGroup;
			children = (
				351BDFC2290144B0007EB36F /* Base */,
			);
			name = Main.storyboard;
			sourceTree = "<group>";
		};
		351BDFC6290144B3007EB36F /* LaunchScreen.storyboard */ = {
			isa = PBXVariantGroup;
			children = (
				351BDFC7290144B3007EB36F /* Base */,
			);
			name = LaunchScreen.storyboard;
			sourceTree = "<group>";
		};
/* End PBXVariantGroup section */

/* Begin XCBuildConfiguration section */
		351BDFE0290144B3007EB36F /* Debug */ = {
			isa = XCBuildConfiguration;
			buildSettings = {
				ALWAYS_SEARCH_USER_PATHS = NO;
				CLANG_ANALYZER_NONNULL = YES;
				CLANG_ANALYZER_NUMBER_OBJECT_CONVERSION = YES_AGGRESSIVE;
				CLANG_CXX_LANGUAGE_STANDARD = "gnu++20";
				CLANG_ENABLE_MODULES = YES;
				CLANG_ENABLE_OBJC_ARC = YES;
				CLANG_ENABLE_OBJC_WEAK = YES;
				CLANG_WARN_BLOCK_CAPTURE_AUTORELEASING = YES;
				CLANG_WARN_BOOL_CONVERSION = YES;
				CLANG_WARN_COMMA = YES;
				CLANG_WARN_CONSTANT_CONVERSION = YES;
				CLANG_WARN_DEPRECATED_OBJC_IMPLEMENTATIONS = YES;
				CLANG_WARN_DIRECT_OBJC_ISA_USAGE = YES_ERROR;
				CLANG_WARN_DOCUMENTATION_COMMENTS = YES;
				CLANG_WARN_EMPTY_BODY = YES;
				CLANG_WARN_ENUM_CONVERSION = YES;
				CLANG_WARN_INFINITE_RECURSION = YES;
				CLANG_WARN_INT_CONVERSION = YES;
				CLANG_WARN_NON_LITERAL_NULL_CONVERSION = YES;
				CLANG_WARN_OBJC_IMPLICIT_RETAIN_SELF = YES;
				CLANG_WARN_OBJC_LITERAL_CONVERSION = YES;
				CLANG_WARN_OBJC_ROOT_CLASS = YES_ERROR;
				CLANG_WARN_QUOTED_INCLUDE_IN_FRAMEWORK_HEADER = YES;
				CLANG_WARN_RANGE_LOOP_ANALYSIS = YES;
				CLANG_WARN_STRICT_PROTOTYPES = YES;
				CLANG_WARN_SUSPICIOUS_MOVE = YES;
				CLANG_WARN_UNGUARDED_AVAILABILITY = YES_AGGRESSIVE;
				CLANG_WARN_UNREACHABLE_CODE = YES;
				CLANG_WARN__DUPLICATE_METHOD_MATCH = YES;
				COPY_PHASE_STRIP = NO;
				DEBUG_INFORMATION_FORMAT = dwarf;
				ENABLE_STRICT_OBJC_MSGSEND = YES;
				ENABLE_TESTABILITY = YES;
				GCC_C_LANGUAGE_STANDARD = gnu11;
				GCC_DYNAMIC_NO_PIC = NO;
				GCC_NO_COMMON_BLOCKS = YES;
				GCC_OPTIMIZATION_LEVEL = 0;
				GCC_PREPROCESSOR_DEFINITIONS = (
					"DEBUG=1",
					"$(inherited)",
				);
				GCC_WARN_64_TO_32_BIT_CONVERSION = YES;
				GCC_WARN_ABOUT_RETURN_TYPE = YES_ERROR;
				GCC_WARN_UNDECLARED_SELECTOR = YES;
				GCC_WARN_UNINITIALIZED_AUTOS = YES_AGGRESSIVE;
				GCC_WARN_UNUSED_FUNCTION = YES;
				GCC_WARN_UNUSED_VARIABLE = YES;
				IPHONEOS_DEPLOYMENT_TARGET = 16.0;
				MTL_ENABLE_DEBUG_INFO = INCLUDE_SOURCE;
				MTL_FAST_MATH = YES;
				ONLY_ACTIVE_ARCH = YES;
				SDKROOT = iphoneos;
				SWIFT_ACTIVE_COMPILATION_CONDITIONS = DEBUG;
				SWIFT_OPTIMIZATION_LEVEL = "-Onone";
			};
			name = Debug;
		};
		351BDFE1290144B3007EB36F /* Release */ = {
			isa = XCBuildConfiguration;
			buildSettings = {
				ALWAYS_SEARCH_USER_PATHS = NO;
				CLANG_ANALYZER_NONNULL = YES;
				CLANG_ANALYZER_NUMBER_OBJECT_CONVERSION = YES_AGGRESSIVE;
				CLANG_CXX_LANGUAGE_STANDARD = "gnu++20";
				CLANG_ENABLE_MODULES = YES;
				CLANG_ENABLE_OBJC_ARC = YES;
				CLANG_ENABLE_OBJC_WEAK = YES;
				CLANG_WARN_BLOCK_CAPTURE_AUTORELEASING = YES;
				CLANG_WARN_BOOL_CONVERSION = YES;
				CLANG_WARN_COMMA = YES;
				CLANG_WARN_CONSTANT_CONVERSION = YES;
				CLANG_WARN_DEPRECATED_OBJC_IMPLEMENTATIONS = YES;
				CLANG_WARN_DIRECT_OBJC_ISA_USAGE = YES_ERROR;
				CLANG_WARN_DOCUMENTATION_COMMENTS = YES;
				CLANG_WARN_EMPTY_BODY = YES;
				CLANG_WARN_ENUM_CONVERSION = YES;
				CLANG_WARN_INFINITE_RECURSION = YES;
				CLANG_WARN_INT_CONVERSION = YES;
				CLANG_WARN_NON_LITERAL_NULL_CONVERSION = YES;
				CLANG_WARN_OBJC_IMPLICIT_RETAIN_SELF = YES;
				CLANG_WARN_OBJC_LITERAL_CONVERSION = YES;
				CLANG_WARN_OBJC_ROOT_CLASS = YES_ERROR;
				CLANG_WARN_QUOTED_INCLUDE_IN_FRAMEWORK_HEADER = YES;
				CLANG_WARN_RANGE_LOOP_ANALYSIS = YES;
				CLANG_WARN_STRICT_PROTOTYPES = YES;
				CLANG_WARN_SUSPICIOUS_MOVE = YES;
				CLANG_WARN_UNGUARDED_AVAILABILITY = YES_AGGRESSIVE;
				CLANG_WARN_UNREACHABLE_CODE = YES;
				CLANG_WARN__DUPLICATE_METHOD_MATCH = YES;
				COPY_PHASE_STRIP = NO;
				DEBUG_INFORMATION_FORMAT = "dwarf-with-dsym";
				ENABLE_NS_ASSERTIONS = NO;
				ENABLE_STRICT_OBJC_MSGSEND = YES;
				GCC_C_LANGUAGE_STANDARD = gnu11;
				GCC_NO_COMMON_BLOCKS = YES;
				GCC_WARN_64_TO_32_BIT_CONVERSION = YES;
				GCC_WARN_ABOUT_RETURN_TYPE = YES_ERROR;
				GCC_WARN_UNDECLARED_SELECTOR = YES;
				GCC_WARN_UNINITIALIZED_AUTOS = YES_AGGRESSIVE;
				GCC_WARN_UNUSED_FUNCTION = YES;
				GCC_WARN_UNUSED_VARIABLE = YES;
				IPHONEOS_DEPLOYMENT_TARGET = 16.0;
				MTL_ENABLE_DEBUG_INFO = NO;
				MTL_FAST_MATH = YES;
				SDKROOT = iphoneos;
				SWIFT_COMPILATION_MODE = wholemodule;
				SWIFT_OPTIMIZATION_LEVEL = "-O";
				VALIDATE_PRODUCT = YES;
			};
			name = Release;
		};
		351BDFE3290144B3007EB36F /* Debug */ = {
			isa = XCBuildConfiguration;
			buildSettings = {
				ASSETCATALOG_COMPILER_APPICON_NAME = AppIcon;
				ASSETCATALOG_COMPILER_GLOBAL_ACCENT_COLOR_NAME = AccentColor;
				CODE_SIGN_STYLE = Automatic;
				CURRENT_PROJECT_VERSION = 1;
				DEVELOPMENT_TEAM = PHT5ZHW738;
				GENERATE_INFOPLIST_FILE = YES;
				INFOPLIST_FILE = SearchWithKakaoApi/Info.plist;
				INFOPLIST_KEY_UIApplicationSupportsIndirectInputEvents = YES;
				INFOPLIST_KEY_UILaunchStoryboardName = LaunchScreen;
				INFOPLIST_KEY_UIMainStoryboardFile = Main;
				INFOPLIST_KEY_UISupportedInterfaceOrientations_iPad = "UIInterfaceOrientationPortrait UIInterfaceOrientationPortraitUpsideDown UIInterfaceOrientationLandscapeLeft UIInterfaceOrientationLandscapeRight";
				INFOPLIST_KEY_UISupportedInterfaceOrientations_iPhone = "UIInterfaceOrientationPortrait UIInterfaceOrientationLandscapeLeft UIInterfaceOrientationLandscapeRight";
				LD_RUNPATH_SEARCH_PATHS = (
					"$(inherited)",
					"@executable_path/Frameworks",
				);
				MARKETING_VERSION = 1.0;
				PRODUCT_BUNDLE_IDENTIFIER = yokim.SearchWithKakaoApi;
				PRODUCT_NAME = "$(TARGET_NAME)";
				SWIFT_EMIT_LOC_STRINGS = YES;
				SWIFT_VERSION = 5.0;
				TARGETED_DEVICE_FAMILY = "1,2";
			};
			name = Debug;
		};
		351BDFE4290144B3007EB36F /* Release */ = {
			isa = XCBuildConfiguration;
			buildSettings = {
				ASSETCATALOG_COMPILER_APPICON_NAME = AppIcon;
				ASSETCATALOG_COMPILER_GLOBAL_ACCENT_COLOR_NAME = AccentColor;
				CODE_SIGN_STYLE = Automatic;
				CURRENT_PROJECT_VERSION = 1;
				DEVELOPMENT_TEAM = PHT5ZHW738;
				GENERATE_INFOPLIST_FILE = YES;
				INFOPLIST_FILE = SearchWithKakaoApi/Info.plist;
				INFOPLIST_KEY_UIApplicationSupportsIndirectInputEvents = YES;
				INFOPLIST_KEY_UILaunchStoryboardName = LaunchScreen;
				INFOPLIST_KEY_UIMainStoryboardFile = Main;
				INFOPLIST_KEY_UISupportedInterfaceOrientations_iPad = "UIInterfaceOrientationPortrait UIInterfaceOrientationPortraitUpsideDown UIInterfaceOrientationLandscapeLeft UIInterfaceOrientationLandscapeRight";
				INFOPLIST_KEY_UISupportedInterfaceOrientations_iPhone = "UIInterfaceOrientationPortrait UIInterfaceOrientationLandscapeLeft UIInterfaceOrientationLandscapeRight";
				LD_RUNPATH_SEARCH_PATHS = (
					"$(inherited)",
					"@executable_path/Frameworks",
				);
				MARKETING_VERSION = 1.0;
				PRODUCT_BUNDLE_IDENTIFIER = yokim.SearchWithKakaoApi;
				PRODUCT_NAME = "$(TARGET_NAME)";
				SWIFT_EMIT_LOC_STRINGS = YES;
				SWIFT_VERSION = 5.0;
				TARGETED_DEVICE_FAMILY = "1,2";
			};
			name = Release;
		};
		351BDFE6290144B3007EB36F /* Debug */ = {
			isa = XCBuildConfiguration;
			buildSettings = {
				ALWAYS_EMBED_SWIFT_STANDARD_LIBRARIES = YES;
				BUNDLE_LOADER = "$(TEST_HOST)";
				CODE_SIGN_STYLE = Automatic;
				CURRENT_PROJECT_VERSION = 1;
				DEVELOPMENT_TEAM = PHT5ZHW738;
				GENERATE_INFOPLIST_FILE = YES;
				IPHONEOS_DEPLOYMENT_TARGET = 16.0;
				MARKETING_VERSION = 1.0;
				PRODUCT_BUNDLE_IDENTIFIER = yokim.SearchWithKakaoApiTests;
				PRODUCT_NAME = "$(TARGET_NAME)";
				SWIFT_EMIT_LOC_STRINGS = NO;
				SWIFT_VERSION = 5.0;
				TARGETED_DEVICE_FAMILY = "1,2";
				TEST_HOST = "$(BUILT_PRODUCTS_DIR)/SearchWithKakaoApi.app/$(BUNDLE_EXECUTABLE_FOLDER_PATH)/SearchWithKakaoApi";
			};
			name = Debug;
		};
		351BDFE7290144B3007EB36F /* Release */ = {
			isa = XCBuildConfiguration;
			buildSettings = {
				ALWAYS_EMBED_SWIFT_STANDARD_LIBRARIES = YES;
				BUNDLE_LOADER = "$(TEST_HOST)";
				CODE_SIGN_STYLE = Automatic;
				CURRENT_PROJECT_VERSION = 1;
				DEVELOPMENT_TEAM = PHT5ZHW738;
				GENERATE_INFOPLIST_FILE = YES;
				IPHONEOS_DEPLOYMENT_TARGET = 16.0;
				MARKETING_VERSION = 1.0;
				PRODUCT_BUNDLE_IDENTIFIER = yokim.SearchWithKakaoApiTests;
				PRODUCT_NAME = "$(TARGET_NAME)";
				SWIFT_EMIT_LOC_STRINGS = NO;
				SWIFT_VERSION = 5.0;
				TARGETED_DEVICE_FAMILY = "1,2";
				TEST_HOST = "$(BUILT_PRODUCTS_DIR)/SearchWithKakaoApi.app/$(BUNDLE_EXECUTABLE_FOLDER_PATH)/SearchWithKakaoApi";
			};
			name = Release;
		};
		351BDFE9290144B3007EB36F /* Debug */ = {
			isa = XCBuildConfiguration;
			buildSettings = {
				ALWAYS_EMBED_SWIFT_STANDARD_LIBRARIES = YES;
				CODE_SIGN_STYLE = Automatic;
				CURRENT_PROJECT_VERSION = 1;
				DEVELOPMENT_TEAM = PHT5ZHW738;
				GENERATE_INFOPLIST_FILE = YES;
				MARKETING_VERSION = 1.0;
				PRODUCT_BUNDLE_IDENTIFIER = yokim.SearchWithKakaoApiUITests;
				PRODUCT_NAME = "$(TARGET_NAME)";
				SWIFT_EMIT_LOC_STRINGS = NO;
				SWIFT_VERSION = 5.0;
				TARGETED_DEVICE_FAMILY = "1,2";
				TEST_TARGET_NAME = SearchWithKakaoApi;
			};
			name = Debug;
		};
		351BDFEA290144B3007EB36F /* Release */ = {
			isa = XCBuildConfiguration;
			buildSettings = {
				ALWAYS_EMBED_SWIFT_STANDARD_LIBRARIES = YES;
				CODE_SIGN_STYLE = Automatic;
				CURRENT_PROJECT_VERSION = 1;
				DEVELOPMENT_TEAM = PHT5ZHW738;
				GENERATE_INFOPLIST_FILE = YES;
				MARKETING_VERSION = 1.0;
				PRODUCT_BUNDLE_IDENTIFIER = yokim.SearchWithKakaoApiUITests;
				PRODUCT_NAME = "$(TARGET_NAME)";
				SWIFT_EMIT_LOC_STRINGS = NO;
				SWIFT_VERSION = 5.0;
				TARGETED_DEVICE_FAMILY = "1,2";
				TEST_TARGET_NAME = SearchWithKakaoApi;
			};
			name = Release;
		};
/* End XCBuildConfiguration section */

/* Begin XCConfigurationList section */
		351BDFB3290144B0007EB36F /* Build configuration list for PBXProject "SearchWithKakaoApi" */ = {
			isa = XCConfigurationList;
			buildConfigurations = (
				351BDFE0290144B3007EB36F /* Debug */,
				351BDFE1290144B3007EB36F /* Release */,
			);
			defaultConfigurationIsVisible = 0;
			defaultConfigurationName = Release;
		};
		351BDFE2290144B3007EB36F /* Build configuration list for PBXNativeTarget "SearchWithKakaoApi" */ = {
			isa = XCConfigurationList;
			buildConfigurations = (
				351BDFE3290144B3007EB36F /* Debug */,
				351BDFE4290144B3007EB36F /* Release */,
			);
			defaultConfigurationIsVisible = 0;
			defaultConfigurationName = Release;
		};
		351BDFE5290144B3007EB36F /* Build configuration list for PBXNativeTarget "SearchWithKakaoApiTests" */ = {
			isa = XCConfigurationList;
			buildConfigurations = (
				351BDFE6290144B3007EB36F /* Debug */,
				351BDFE7290144B3007EB36F /* Release */,
			);
			defaultConfigurationIsVisible = 0;
			defaultConfigurationName = Release;
		};
		351BDFE8290144B3007EB36F /* Build configuration list for PBXNativeTarget "SearchWithKakaoApiUITests" */ = {
			isa = XCConfigurationList;
			buildConfigurations = (
				351BDFE9290144B3007EB36F /* Debug */,
				351BDFEA290144B3007EB36F /* Release */,
			);
			defaultConfigurationIsVisible = 0;
			defaultConfigurationName = Release;
		};
/* End XCConfigurationList section */
	};
	rootObject = 351BDFB0290144B0007EB36F /* Project object */;
}
